
Microsoft Visual Studio Solution File, Format Version 12.00
# Visual Studio Version 16
VisualStudioVersion = 16.0.30907.101
MinimumVisualStudioVersion = 10.0.40219.1
Project("{FAE04EC0-301F-11D3-BF4B-00C04F79EFBC}") = "CalculationsLibrary", "CalculationsLibrary\CalculationsLibrary.csproj", "{526E4E22-D6C7-4EBC-B1D3-78B9408AA6F6}"
EndProject
Project("{FAE04EC0-301F-11D3-BF4B-00C04F79EFBC}") = "CalcTest", "CalcTest\CalcTest.csproj", "{72F7CF24-F360-4058-B920-5922FBEC91F7}"
EndProject
Global
	GlobalSection(SolutionConfigurationPlatforms) = preSolution
		Debug|Any CPU = Debug|Any CPU
		Release|Any CPU = Release|Any CPU
	EndGlobalSection
	GlobalSection(ProjectConfigurationPlatforms) = postSolution
		{526E4E22-D6C7-4EBC-B1D3-78B9408AA6F6}.Debug|Any CPU.ActiveCfg = Debug|Any CPU
		{526E4E22-D6C7-4EBC-B1D3-78B9408AA6F6}.Debug|Any CPU.Build.0 = Debug|Any CPU
		{526E4E22-D6C7-4EBC-B1D3-78B9408AA6F6}.Release|Any CPU.ActiveCfg = Release|Any CPU
		{526E4E22-D6C7-4EBC-B1D3-78B9408AA6F6}.Release|Any CPU.Build.0 = Release|Any CPU
		{72F7CF24-F360-4058-B920-5922FBEC91F7}.Debug|Any CPU.ActiveCfg = Debug|Any CPU
		{72F7CF24-F360-4058-B920-5922FBEC91F7}.Debug|Any CPU.Build.0 = Debug|Any CPU
		{72F7CF24-F360-4058-B920-5922FBEC91F7}.Release|Any CPU.ActiveCfg = Release|Any CPU
		{72F7CF24-F360-4058-B920-5922FBEC91F7}.Release|Any CPU.Build.0 = Release|Any CPU
	EndGlobalSection
	GlobalSection(SolutionProperties) = preSolution
		HideSolutionNode = FALSE
	EndGlobalSection
	GlobalSection(ExtensibilityGlobals) = postSolution
		SolutionGuid = {4AE95649-11D8-46B1-AA0C-8A1F35B05C87}
	EndGlobalSection
EndGlobal
